{"format_version":"1.0","provider_schemas":{"registry.terraform.io/drfaust92/pingdom":{"provider":{"version":0,"block":{"attributes":{"api_token":{"type":"string","description_kind":"plain","optional":true},"solarwinds_org_id":{"type":"string","description_kind":"plain","optional":true},"solarwinds_passwd":{"type":"string","description_kind":"plain","optional":true},"solarwinds_user":{"type":"string","description_kind":"plain","optional":true}},"description_kind":"plain"}},"resource_schemas":{"pingdom_check":{"version":0,"block":{"attributes":{"custom_message":{"type":"string","description_kind":"plain","optional":true},"encryption":{"type":"bool","description_kind":"plain","optional":true,"computed":true},"expectedip":{"type":"string","description_kind":"plain","optional":true},"host":{"type":"string","description_kind":"plain","required":true},"id":{"type":"string","description_kind":"plain","optional":true,"computed":true},"integrationids":{"type":["set","number"],"description_kind":"plain","optional":true},"ipv6":{"type":"bool","description_kind":"plain","optional":true},"name":{"type":"string","description_kind":"plain","required":true},"nameserver":{"type":"string","description_kind":"plain","optional":true},"notifyagainevery":{"type":"number","description_kind":"plain","optional":true,"computed":true},"notifywhenbackup":{"type":"bool","description_kind":"plain","optional":true},"password":{"type":"string","description_kind":"plain","optional":true,"sensitive":true},"paused":{"type":"bool","description_kind":"plain","optional":true},"port":{"type":"number","description_kind":"plain","optional":true,"computed":true},"postdata":{"type":"string","description_kind":"plain","optional":true},"probefilters":{"type":"string","description_kind":"plain","optional":true},"requestheaders":{"type":["map","string"],"description_kind":"plain","optional":true},"resolution":{"type":"number","description_kind":"plain","optional":true},"responsetime_threshold":{"type":"number","description_kind":"plain","optional":true,"computed":true},"sendnotificationwhendown":{"type":"number","description_kind":"plain","optional":true},"shouldcontain":{"type":"string","description_kind":"plain","optional":true},"shouldnotcontain":{"type":"string","description_kind":"plain","optional":true},"ssl_down_days_before":{"type":"number","description_kind":"plain","optional":true},"stringtoexpect":{"type":"string","description_kind":"plain","optional":true},"stringtosend":{"type":"string","description_kind":"plain","optional":true},"tags":{"type":"string","description_kind":"plain","optional":true},"teamids":{"type":["set","number"],"description_kind":"plain","optional":true},"type":{"type":"string","description_kind":"plain","required":true},"url":{"type":"string","description_kind":"plain","optional":true},"userids":{"type":["set","number"],"description_kind":"plain","optional":true},"username":{"type":"string","description_kind":"plain","optional":true},"verify_certificate":{"type":"bool","description_kind":"plain","optional":true}},"description_kind":"plain"}},"pingdom_contact":{"version":0,"block":{"attributes":{"id":{"type":"string","description_kind":"plain","optional":true,"computed":true},"name":{"type":"string","description_kind":"plain","required":true},"paused":{"type":"bool","description_kind":"plain","optional":true}},"block_types":{"email_notification":{"nesting_mode":"set","block":{"attributes":{"address":{"type":"string","description_kind":"plain","required":true},"severity":{"type":"string","description_kind":"plain","required":true}},"description_kind":"plain"}},"sms_notification":{"nesting_mode":"set","block":{"attributes":{"country_code":{"type":"string","description_kind":"plain","optional":true},"number":{"type":"string","description_kind":"plain","required":true},"provider":{"type":"string","description_kind":"plain","optional":true},"severity":{"type":"string","description_kind":"plain","required":true}},"description_kind":"plain"}}},"description_kind":"plain"}},"pingdom_integration":{"version":0,"block":{"attributes":{"active":{"type":"bool","description_kind":"plain","required":true},"id":{"type":"string","description_kind":"plain","optional":true,"computed":true},"name":{"type":"string","description_kind":"plain","required":true},"provider_name":{"type":"string","description_kind":"plain","required":true},"url":{"type":"string","description_kind":"plain","optional":true}},"description_kind":"plain"}},"pingdom_maintenance":{"version":0,"block":{"attributes":{"description":{"type":"string","description_kind":"plain","required":true},"effectiveto":{"type":"string","description_kind":"plain","optional":true,"computed":true},"from":{"type":"string","description_kind":"plain","required":true},"id":{"type":"string","description_kind":"plain","optional":true,"computed":true},"recurrencetype":{"type":"string","description_kind":"plain","optional":true},"repeatevery":{"type":"number","description_kind":"plain","optional":true},"tmsids":{"type":["set","number"],"description_kind":"plain","optional":true},"to":{"type":"string","description_kind":"plain","required":true},"uptimeids":{"type":["set","number"],"description_kind":"plain","optional":true}},"description_kind":"plain"}},"pingdom_occurrence":{"version":0,"block":{"attributes":{"effective_from":{"type":"string","description_kind":"plain","required":true},"effective_to":{"type":"string","description_kind":"plain","required":true},"from":{"type":"string","description_kind":"plain","optional":true,"computed":true},"id":{"type":"string","description_kind":"plain","optional":true,"computed":true},"maintenance_id":{"type":"number","description_kind":"plain","required":true},"size":{"type":"number","description_kind":"plain","optional":true,"computed":true},"to":{"type":"string","description_kind":"plain","optional":true,"computed":true}},"description_kind":"plain"}},"pingdom_team":{"version":0,"block":{"attributes":{"id":{"type":"string","description_kind":"plain","optional":true,"computed":true},"member_ids":{"type":["set","number"],"description_kind":"plain","optional":true},"name":{"type":"string","description_kind":"plain","required":true}},"description_kind":"plain"}},"pingdom_tms_check":{"version":0,"block":{"attributes":{"active":{"type":"bool","description_kind":"plain","optional":true},"contact_ids":{"type":["set","number"],"description_kind":"plain","optional":true},"custom_message":{"type":"string","description_kind":"plain","optional":true},"id":{"type":"string","description_kind":"plain","optional":true,"computed":true},"integration_ids":{"type":["set","number"],"description_kind":"plain","optional":true},"interval":{"type":"number","description_kind":"plain","optional":true},"name":{"type":"string","description_kind":"plain","required":true},"region":{"type":"string","description_kind":"plain","optional":true},"security_level":{"type":"string","description_kind":"plain","optional":true},"send_notification_when_down":{"type":"number","description_kind":"plain","optional":true},"tags":{"type":"string","description_kind":"plain","optional":true},"team_ids":{"type":["set","number"],"description_kind":"plain","optional":true}},"block_types":{"metadata":{"nesting_mode":"list","block":{"attributes":{"authentication":{"type":["map","string"],"description_kind":"plain","optional":true},"disable_websecurity":{"type":"bool","description_kind":"plain","optional":true},"height":{"type":"number","description_kind":"plain","optional":true},"width":{"type":"number","description_kind":"plain","optional":true}},"description_kind":"plain"},"max_items":1},"steps":{"nesting_mode":"list","block":{"attributes":{"args":{"type":["map","string"],"description_kind":"plain","optional":true},"fn":{"type":"string","description_kind":"plain","required":true}},"description_kind":"plain"},"min_items":1}},"description_kind":"plain"}}},"data_source_schemas":{"pingdom_contact":{"version":0,"block":{"attributes":{"id":{"type":"string","description_kind":"plain","optional":true,"computed":true},"name":{"type":"string","description_kind":"plain","required":true},"paused":{"type":"bool","description_kind":"plain","computed":true},"teams":{"type":["set",["object",{"id":"number","name":"string"}]],"description_kind":"plain","computed":true}},"block_types":{"email_notification":{"nesting_mode":"set","block":{"attributes":{"address":{"type":"string","description_kind":"plain","required":true},"severity":{"type":"string","description_kind":"plain","required":true}},"description_kind":"plain"}},"sms_notification":{"nesting_mode":"set","block":{"attributes":{"country_code":{"type":"string","description_kind":"plain","optional":true},"number":{"type":"string","description_kind":"plain","required":true},"provider":{"type":"string","description_kind":"plain","optional":true},"severity":{"type":"string","description_kind":"plain","required":true}},"description_kind":"plain"}}},"description_kind":"plain"}},"pingdom_contacts":{"version":0,"block":{"attributes":{"id":{"type":"string","description_kind":"plain","optional":true,"computed":true},"ids":{"type":["list","number"],"description_kind":"plain","computed":true},"names":{"type":["list","string"],"description_kind":"plain","computed":true},"types":{"type":["list","string"],"description_kind":"plain","computed":true}},"description_kind":"plain"}},"pingdom_integration":{"version":0,"block":{"attributes":{"active":{"type":"bool","description_kind":"plain","computed":true},"id":{"type":"string","description_kind":"plain","optional":true,"computed":true},"name":{"type":"string","description_kind":"plain","required":true},"provider_name":{"type":"string","description_kind":"plain","computed":true},"url":{"type":"string","description_kind":"plain","computed":true}},"description_kind":"plain"}},"pingdom_integrations":{"version":0,"block":{"attributes":{"id":{"type":"string","description_kind":"plain","optional":true,"computed":true},"ids":{"type":["list","number"],"description_kind":"plain","computed":true},"names":{"type":["list","string"],"description_kind":"plain","computed":true}},"description_kind":"plain"}},"pingdom_team":{"version":0,"block":{"attributes":{"id":{"type":"string","description_kind":"plain","optional":true,"computed":true},"member_ids":{"type":["set","number"],"description_kind":"plain","computed":true},"name":{"type":"string","description_kind":"plain","required":true}},"description_kind":"plain"}},"pingdom_teams":{"version":0,"block":{"attributes":{"id":{"type":"string","description_kind":"plain","optional":true,"computed":true},"ids":{"type":["list","number"],"description_kind":"plain","computed":true},"names":{"type":["list","string"],"description_kind":"plain","computed":true}},"description_kind":"plain"}}}}}}
